
Microsoft Visual Studio Solution File, Format Version 12.00
# Visual Studio Version 17
VisualStudioVersion = 17.5.33414.496
MinimumVisualStudioVersion = 10.0.40219.1
Project("{FAE04EC0-301F-11D3-BF4B-00C04F79EFBC}") = "ECommerce_C#", "ECommerce_C#\ECommerce_C#.csproj", "{DBDCDEB4-A222-4788-B232-2F67542CDA72}"
EndProject
Global
	GlobalSection(SolutionConfigurationPlatforms) = preSolution
		Debug|Any CPU = Debug|Any CPU
		Release|Any CPU = Release|Any CPU
	EndGlobalSection
	GlobalSection(ProjectConfigurationPlatforms) = postSolution
		{DBDCDEB4-A222-4788-B232-2F67542CDA72}.Debug|Any CPU.ActiveCfg = Debug|Any CPU
		{DBDCDEB4-A222-4788-B232-2F67542CDA72}.Debug|Any CPU.Build.0 = Debug|Any CPU
		{DBDCDEB4-A222-4788-B232-2F67542CDA72}.Release|Any CPU.ActiveCfg = Release|Any CPU
		{DBDCDEB4-A222-4788-B232-2F67542CDA72}.Release|Any CPU.Build.0 = Release|Any CPU
	EndGlobalSection
	GlobalSection(SolutionProperties) = preSolution
		HideSolutionNode = FALSE
	EndGlobalSection
	GlobalSection(ExtensibilityGlobals) = postSolution
		SolutionGuid = {8DF7753C-2C85-462C-A19A-94A9EBBCB691}
	EndGlobalSection
EndGlobal
